
Microsoft Visual Studio Solution File, Format Version 12.00
# Visual Studio Version 17
VisualStudioVersion = 17.3.32929.385
MinimumVisualStudioVersion = 10.0.40219.1
Project("{FAE04EC0-301F-11D3-BF4B-00C04F79EFBC}") = "eBiletUygulaması", "eBiletUygulaması\eBiletUygulaması.csproj", "{506B7B3B-453F-49C6-BE55-C488FDE75915}"
EndProject
Global
	GlobalSection(SolutionConfigurationPlatforms) = preSolution
		Debug|Any CPU = Debug|Any CPU
		Release|Any CPU = Release|Any CPU
	EndGlobalSection
	GlobalSection(ProjectConfigurationPlatforms) = postSolution
		{506B7B3B-453F-49C6-BE55-C488FDE75915}.Debug|Any CPU.ActiveCfg = Debug|Any CPU
		{506B7B3B-453F-49C6-BE55-C488FDE75915}.Debug|Any CPU.Build.0 = Debug|Any CPU
		{506B7B3B-453F-49C6-BE55-C488FDE75915}.Release|Any CPU.ActiveCfg = Release|Any CPU
		{506B7B3B-453F-49C6-BE55-C488FDE75915}.Release|Any CPU.Build.0 = Release|Any CPU
	EndGlobalSection
	GlobalSection(SolutionProperties) = preSolution
		HideSolutionNode = FALSE
	EndGlobalSection
	GlobalSection(ExtensibilityGlobals) = postSolution
		SolutionGuid = {D2AEA00F-06EC-4CC4-B8D6-21513FEA89A1}
	EndGlobalSection
EndGlobal
