
Microsoft Visual Studio Solution File, Format Version 12.00
# Visual Studio Version 17
VisualStudioVersion = 17.4.33205.214
MinimumVisualStudioVersion = 10.0.40219.1
Project("{FAE04EC0-301F-11D3-BF4B-00C04F79EFBC}") = "eBiletApp", "eBiletApp\eBiletApp.csproj", "{1ABC2263-35D4-4E7D-BB00-6964904269C0}"
EndProject
Global
	GlobalSection(SolutionConfigurationPlatforms) = preSolution
		Debug|Any CPU = Debug|Any CPU
		Release|Any CPU = Release|Any CPU
	EndGlobalSection
	GlobalSection(ProjectConfigurationPlatforms) = postSolution
		{1ABC2263-35D4-4E7D-BB00-6964904269C0}.Debug|Any CPU.ActiveCfg = Debug|Any CPU
		{1ABC2263-35D4-4E7D-BB00-6964904269C0}.Debug|Any CPU.Build.0 = Debug|Any CPU
		{1ABC2263-35D4-4E7D-BB00-6964904269C0}.Release|Any CPU.ActiveCfg = Release|Any CPU
		{1ABC2263-35D4-4E7D-BB00-6964904269C0}.Release|Any CPU.Build.0 = Release|Any CPU
	EndGlobalSection
	GlobalSection(SolutionProperties) = preSolution
		HideSolutionNode = FALSE
	EndGlobalSection
	GlobalSection(ExtensibilityGlobals) = postSolution
		SolutionGuid = {B7B3FFF9-F573-45CF-9B68-FA5FA1D3B49F}
	EndGlobalSection
EndGlobal
